// !$*UTF8*$!
{
	archiveVersion = 1;
	classes = {
	};
	objectVersion = 46;
	objects = {

/* Begin PBXBuildFile section */
		C1920E7619FA87C300B6A3B7 /* AppDelegate.swift in Sources */ = {isa = PBXBuildFile; fileRef = C1920E7519FA87C300B6A3B7 /* AppDelegate.swift */; };
		C1920E7819FA87C300B6A3B7 /* ViewController.swift in Sources */ = {isa = PBXBuildFile; fileRef = C1920E7719FA87C300B6A3B7 /* ViewController.swift */; };
		C1920E7B19FA87C300B6A3B7 /* Main.storyboard in Resources */ = {isa = PBXBuildFile; fileRef = C1920E7919FA87C300B6A3B7 /* Main.storyboard */; };
		C1920E7D19FA87C300B6A3B7 /* Images.xcassets in Resources */ = {isa = PBXBuildFile; fileRef = C1920E7C19FA87C300B6A3B7 /* Images.xcassets */; };
		C1920E8019FA87C300B6A3B7 /* LaunchScreen.xib in Resources */ = {isa = PBXBuildFile; fileRef = C1920E7E19FA87C300B6A3B7 /* LaunchScreen.xib */; };
		C1920E8C19FA87C300B6A3B7 /* RainTests.swift in Sources */ = {isa = PBXBuildFile; fileRef = C1920E8B19FA87C300B6A3B7 /* RainTests.swift */; };
		C1920E9619FA8A4600B6A3B7 /* GoogleMaps.framework in Frameworks */ = {isa = PBXBuildFile; fileRef = C1920E9519FA8A4600B6A3B7 /* GoogleMaps.framework */; };
		C1920E9719FA8A4600B6A3B7 /* GoogleMaps.framework in Frameworks */ = {isa = PBXBuildFile; fileRef = C1920E9519FA8A4600B6A3B7 /* GoogleMaps.framework */; };
		C1920E9919FA8AF200B6A3B7 /* GoogleMaps.bundle in Resources */ = {isa = PBXBuildFile; fileRef = C1920E9819FA8AF200B6A3B7 /* GoogleMaps.bundle */; };
		C1920E9A19FA8AF200B6A3B7 /* GoogleMaps.bundle in Resources */ = {isa = PBXBuildFile; fileRef = C1920E9819FA8AF200B6A3B7 /* GoogleMaps.bundle */; };
		C1920E9C19FA8B3C00B6A3B7 /* AVFoundation.framework in Frameworks */ = {isa = PBXBuildFile; fileRef = C1920E9B19FA8B3C00B6A3B7 /* AVFoundation.framework */; };
		C1920E9E19FA8B5100B6A3B7 /* CoreData.framework in Frameworks */ = {isa = PBXBuildFile; fileRef = C1920E9D19FA8B5100B6A3B7 /* CoreData.framework */; };
		C1920EA019FA8B5800B6A3B7 /* CoreLocation.framework in Frameworks */ = {isa = PBXBuildFile; fileRef = C1920E9F19FA8B5800B6A3B7 /* CoreLocation.framework */; };
		C1920EA219FA8B8F00B6A3B7 /* CoreText.framework in Frameworks */ = {isa = PBXBuildFile; fileRef = C1920EA119FA8B8F00B6A3B7 /* CoreText.framework */; };
		C1920EA419FA8B9500B6A3B7 /* GLKit.framework in Frameworks */ = {isa = PBXBuildFile; fileRef = C1920EA319FA8B9500B6A3B7 /* GLKit.framework */; };
		C1920EA619FA8BA100B6A3B7 /* ImageIO.framework in Frameworks */ = {isa = PBXBuildFile; fileRef = C1920EA519FA8BA100B6A3B7 /* ImageIO.framework */; };
		C1920EA819FA8BE300B6A3B7 /* libc++.dylib in Frameworks */ = {isa = PBXBuildFile; fileRef = C1920EA719FA8BE300B6A3B7 /* libc++.dylib */; };
		C1920EAA19FA9C3B00B6A3B7 /* libicucore.dylib in Frameworks */ = {isa = PBXBuildFile; fileRef = C1920EA919FA9C3B00B6A3B7 /* libicucore.dylib */; };
		C1920EAC19FA9C4800B6A3B7 /* libz.dylib in Frameworks */ = {isa = PBXBuildFile; fileRef = C1920EAB19FA9C4800B6A3B7 /* libz.dylib */; };
		C1920EAE19FA9C5200B6A3B7 /* OpenGLES.framework in Frameworks */ = {isa = PBXBuildFile; fileRef = C1920EAD19FA9C5200B6A3B7 /* OpenGLES.framework */; };
		C1920EB019FA9C5A00B6A3B7 /* QuartzCore.framework in Frameworks */ = {isa = PBXBuildFile; fileRef = C1920EAF19FA9C5A00B6A3B7 /* QuartzCore.framework */; };
		C1920EB219FA9C6600B6A3B7 /* SystemConfiguration.framework in Frameworks */ = {isa = PBXBuildFile; fileRef = C1920EB119FA9C6600B6A3B7 /* SystemConfiguration.framework */; };
		C1920EB619FAAA0B00B6A3B7 /* File.m in Sources */ = {isa = PBXBuildFile; fileRef = C1920EB519FAAA0B00B6A3B7 /* File.m */; };
		C1920EB719FAAA0B00B6A3B7 /* File.m in Sources */ = {isa = PBXBuildFile; fileRef = C1920EB519FAAA0B00B6A3B7 /* File.m */; };
/* End PBXBuildFile section */

/* Begin PBXContainerItemProxy section */
		C1920E8619FA87C300B6A3B7 /* PBXContainerItemProxy */ = {
			isa = PBXContainerItemProxy;
			containerPortal = C1920E6819FA87C300B6A3B7 /* Project object */;
			proxyType = 1;
			remoteGlobalIDString = C1920E6F19FA87C300B6A3B7;
			remoteInfo = Rain;
		};
/* End PBXContainerItemProxy section */

/* Begin PBXFileReference section */
		C1920E7019FA87C300B6A3B7 /* Rain.app */ = {isa = PBXFileReference; explicitFileType = wrapper.application; includeInIndex = 0; path = Rain.app; sourceTree = BUILT_PRODUCTS_DIR; };
		C1920E7419FA87C300B6A3B7 /* Info.plist */ = {isa = PBXFileReference; lastKnownFileType = text.plist.xml; path = Info.plist; sourceTree = "<group>"; };
		C1920E7519FA87C300B6A3B7 /* AppDelegate.swift */ = {isa = PBXFileReference; lastKnownFileType = sourcecode.swift; path = AppDelegate.swift; sourceTree = "<group>"; };
		C1920E7719FA87C300B6A3B7 /* ViewController.swift */ = {isa = PBXFileReference; lastKnownFileType = sourcecode.swift; path = ViewController.swift; sourceTree = "<group>"; };
		C1920E7A19FA87C300B6A3B7 /* Base */ = {isa = PBXFileReference; lastKnownFileType = file.storyboard; name = Base; path = Base.lproj/Main.storyboard; sourceTree = "<group>"; };
		C1920E7C19FA87C300B6A3B7 /* Images.xcassets */ = {isa = PBXFileReference; lastKnownFileType = folder.assetcatalog; path = Images.xcassets; sourceTree = "<group>"; };
		C1920E7F19FA87C300B6A3B7 /* Base */ = {isa = PBXFileReference; lastKnownFileType = file.xib; name = Base; path = Base.lproj/LaunchScreen.xib; sourceTree = "<group>"; };
		C1920E8519FA87C300B6A3B7 /* RainTests.xctest */ = {isa = PBXFileReference; explicitFileType = wrapper.cfbundle; includeInIndex = 0; path = RainTests.xctest; sourceTree = BUILT_PRODUCTS_DIR; };
		C1920E8A19FA87C300B6A3B7 /* Info.plist */ = {isa = PBXFileReference; lastKnownFileType = text.plist.xml; path = Info.plist; sourceTree = "<group>"; };
		C1920E8B19FA87C300B6A3B7 /* RainTests.swift */ = {isa = PBXFileReference; lastKnownFileType = sourcecode.swift; path = RainTests.swift; sourceTree = "<group>"; };
		C1920E9519FA8A4600B6A3B7 /* GoogleMaps.framework */ = {isa = PBXFileReference; lastKnownFileType = wrapper.framework; path = GoogleMaps.framework; sourceTree = "<group>"; };
		C1920E9819FA8AF200B6A3B7 /* GoogleMaps.bundle */ = {isa = PBXFileReference; lastKnownFileType = "wrapper.plug-in"; name = GoogleMaps.bundle; path = GoogleMaps.framework/Versions/A/Resources/GoogleMaps.bundle; sourceTree = "<group>"; };
		C1920E9B19FA8B3C00B6A3B7 /* AVFoundation.framework */ = {isa = PBXFileReference; lastKnownFileType = wrapper.framework; name = AVFoundation.framework; path = System/Library/Frameworks/AVFoundation.framework; sourceTree = SDKROOT; };
		C1920E9D19FA8B5100B6A3B7 /* CoreData.framework */ = {isa = PBXFileReference; lastKnownFileType = wrapper.framework; name = CoreData.framework; path = System/Library/Frameworks/CoreData.framework; sourceTree = SDKROOT; };
		C1920E9F19FA8B5800B6A3B7 /* CoreLocation.framework */ = {isa = PBXFileReference; lastKnownFileType = wrapper.framework; name = CoreLocation.framework; path = System/Library/Frameworks/CoreLocation.framework; sourceTree = SDKROOT; };
		C1920EA119FA8B8F00B6A3B7 /* CoreText.framework */ = {isa = PBXFileReference; lastKnownFileType = wrapper.framework; name = CoreText.framework; path = System/Library/Frameworks/CoreText.framework; sourceTree = SDKROOT; };
		C1920EA319FA8B9500B6A3B7 /* GLKit.framework */ = {isa = PBXFileReference; lastKnownFileType = wrapper.framework; name = GLKit.framework; path = System/Library/Frameworks/GLKit.framework; sourceTree = SDKROOT; };
		C1920EA519FA8BA100B6A3B7 /* ImageIO.framework */ = {isa = PBXFileReference; lastKnownFileType = wrapper.framework; name = ImageIO.framework; path = System/Library/Frameworks/ImageIO.framework; sourceTree = SDKROOT; };
		C1920EA719FA8BE300B6A3B7 /* libc++.dylib */ = {isa = PBXFileReference; lastKnownFileType = "compiled.mach-o.dylib"; name = "libc++.dylib"; path = "usr/lib/libc++.dylib"; sourceTree = SDKROOT; };
		C1920EA919FA9C3B00B6A3B7 /* libicucore.dylib */ = {isa = PBXFileReference; lastKnownFileType = "compiled.mach-o.dylib"; name = libicucore.dylib; path = usr/lib/libicucore.dylib; sourceTree = SDKROOT; };
		C1920EAB19FA9C4800B6A3B7 /* libz.dylib */ = {isa = PBXFileReference; lastKnownFileType = "compiled.mach-o.dylib"; name = libz.dylib; path = usr/lib/libz.dylib; sourceTree = SDKROOT; };
		C1920EAD19FA9C5200B6A3B7 /* OpenGLES.framework */ = {isa = PBXFileReference; lastKnownFileType = wrapper.framework; name = OpenGLES.framework; path = System/Library/Frameworks/OpenGLES.framework; sourceTree = SDKROOT; };
		C1920EAF19FA9C5A00B6A3B7 /* QuartzCore.framework */ = {isa = PBXFileReference; lastKnownFileType = wrapper.framework; name = QuartzCore.framework; path = System/Library/Frameworks/QuartzCore.framework; sourceTree = SDKROOT; };
		C1920EB119FA9C6600B6A3B7 /* SystemConfiguration.framework */ = {isa = PBXFileReference; lastKnownFileType = wrapper.framework; name = SystemConfiguration.framework; path = System/Library/Frameworks/SystemConfiguration.framework; sourceTree = SDKROOT; };
		C1920EB319FAAA0A00B6A3B7 /* Rain-Bridging-Header.h */ = {isa = PBXFileReference; lastKnownFileType = sourcecode.c.h; path = "Rain-Bridging-Header.h"; sourceTree = "<group>"; };
		C1920EB419FAAA0B00B6A3B7 /* RainTests-Bridging-Header.h */ = {isa = PBXFileReference; lastKnownFileType = sourcecode.c.h; path = "RainTests-Bridging-Header.h"; sourceTree = "<group>"; };
		C1920EB519FAAA0B00B6A3B7 /* File.m */ = {isa = PBXFileReference; fileEncoding = 4; lastKnownFileType = sourcecode.c.objc; path = File.m; sourceTree = "<group>"; };
/* End PBXFileReference section */

/* Begin PBXFrameworksBuildPhase section */
		C1920E6D19FA87C300B6A3B7 /* Frameworks */ = {
			isa = PBXFrameworksBuildPhase;
			buildActionMask = 2147483647;
			files = (
				C1920EB219FA9C6600B6A3B7 /* SystemConfiguration.framework in Frameworks */,
				C1920EB019FA9C5A00B6A3B7 /* QuartzCore.framework in Frameworks */,
				C1920EAE19FA9C5200B6A3B7 /* OpenGLES.framework in Frameworks */,
				C1920EAC19FA9C4800B6A3B7 /* libz.dylib in Frameworks */,
				C1920EAA19FA9C3B00B6A3B7 /* libicucore.dylib in Frameworks */,
				C1920EA819FA8BE300B6A3B7 /* libc++.dylib in Frameworks */,
				C1920EA619FA8BA100B6A3B7 /* ImageIO.framework in Frameworks */,
				C1920EA419FA8B9500B6A3B7 /* GLKit.framework in Frameworks */,
				C1920EA219FA8B8F00B6A3B7 /* CoreText.framework in Frameworks */,
				C1920EA019FA8B5800B6A3B7 /* CoreLocation.framework in Frameworks */,
				C1920E9E19FA8B5100B6A3B7 /* CoreData.framework in Frameworks */,
				C1920E9C19FA8B3C00B6A3B7 /* AVFoundation.framework in Frameworks */,
				C1920E9619FA8A4600B6A3B7 /* GoogleMaps.framework in Frameworks */,
			);
			runOnlyForDeploymentPostprocessing = 0;
		};
		C1920E8219FA87C300B6A3B7 /* Frameworks */ = {
			isa = PBXFrameworksBuildPhase;
			buildActionMask = 2147483647;
			files = (
				C1920E9719FA8A4600B6A3B7 /* GoogleMaps.framework in Frameworks */,
			);
			runOnlyForDeploymentPostprocessing = 0;
		};
/* End PBXFrameworksBuildPhase section */

/* Begin PBXGroup section */
		C1920E6719FA87C300B6A3B7 = {
			isa = PBXGroup;
			children = (
				C1920EB119FA9C6600B6A3B7 /* SystemConfiguration.framework */,
				C1920EAF19FA9C5A00B6A3B7 /* QuartzCore.framework */,
				C1920EAD19FA9C5200B6A3B7 /* OpenGLES.framework */,
				C1920EAB19FA9C4800B6A3B7 /* libz.dylib */,
				C1920EA919FA9C3B00B6A3B7 /* libicucore.dylib */,
				C1920EA719FA8BE300B6A3B7 /* libc++.dylib */,
				C1920EA519FA8BA100B6A3B7 /* ImageIO.framework */,
				C1920EA319FA8B9500B6A3B7 /* GLKit.framework */,
				C1920EA119FA8B8F00B6A3B7 /* CoreText.framework */,
				C1920E9F19FA8B5800B6A3B7 /* CoreLocation.framework */,
				C1920E9D19FA8B5100B6A3B7 /* CoreData.framework */,
				C1920E9B19FA8B3C00B6A3B7 /* AVFoundation.framework */,
				C1920E7219FA87C300B6A3B7 /* Rain */,
				C1920E8819FA87C300B6A3B7 /* RainTests */,
				C1920E7119FA87C300B6A3B7 /* Products */,
			);
			sourceTree = "<group>";
		};
		C1920E7119FA87C300B6A3B7 /* Products */ = {
			isa = PBXGroup;
			children = (
				C1920E7019FA87C300B6A3B7 /* Rain.app */,
				C1920E8519FA87C300B6A3B7 /* RainTests.xctest */,
			);
			name = Products;
			sourceTree = "<group>";
		};
		C1920E7219FA87C300B6A3B7 /* Rain */ = {
			isa = PBXGroup;
			children = (
				C1920E7519FA87C300B6A3B7 /* AppDelegate.swift */,
				C1920EB519FAAA0B00B6A3B7 /* File.m */,
				C1920E7719FA87C300B6A3B7 /* ViewController.swift */,
				C1920E7919FA87C300B6A3B7 /* Main.storyboard */,
				C1920E7C19FA87C300B6A3B7 /* Images.xcassets */,
				C1920E7E19FA87C300B6A3B7 /* LaunchScreen.xib */,
				C1920E7319FA87C300B6A3B7 /* Supporting Files */,
				C1920EB319FAAA0A00B6A3B7 /* Rain-Bridging-Header.h */,
				C1920EB419FAAA0B00B6A3B7 /* RainTests-Bridging-Header.h */,
			);
			path = Rain;
			sourceTree = "<group>";
		};
		C1920E7319FA87C300B6A3B7 /* Supporting Files */ = {
			isa = PBXGroup;
			children = (
				C1920E9819FA8AF200B6A3B7 /* GoogleMaps.bundle */,
				C1920E9519FA8A4600B6A3B7 /* GoogleMaps.framework */,
				C1920E7419FA87C300B6A3B7 /* Info.plist */,
			);
			name = "Supporting Files";
			sourceTree = "<group>";
		};
		C1920E8819FA87C300B6A3B7 /* RainTests */ = {
			isa = PBXGroup;
			children = (
				C1920E8B19FA87C300B6A3B7 /* RainTests.swift */,
				C1920E8919FA87C300B6A3B7 /* Supporting Files */,
			);
			path = RainTests;
			sourceTree = "<group>";
		};
		C1920E8919FA87C300B6A3B7 /* Supporting Files */ = {
			isa = PBXGroup;
			children = (
				C1920E8A19FA87C300B6A3B7 /* Info.plist */,
			);
			name = "Supporting Files";
			sourceTree = "<group>";
		};
/* End PBXGroup section */

/* Begin PBXNativeTarget section */
		C1920E6F19FA87C300B6A3B7 /* Rain */ = {
			isa = PBXNativeTarget;
			buildConfigurationList = C1920E8F19FA87C300B6A3B7 /* Build configuration list for PBXNativeTarget "Rain" */;
			buildPhases = (
				C1920E6C19FA87C300B6A3B7 /* Sources */,
				C1920E6D19FA87C300B6A3B7 /* Frameworks */,
				C1920E6E19FA87C300B6A3B7 /* Resources */,
			);
			buildRules = (
			);
			dependencies = (
			);
			name = Rain;
			productName = Rain;
			productReference = C1920E7019FA87C300B6A3B7 /* Rain.app */;
			productType = "com.apple.product-type.application";
		};
		C1920E8419FA87C300B6A3B7 /* RainTests */ = {
			isa = PBXNativeTarget;
			buildConfigurationList = C1920E9219FA87C300B6A3B7 /* Build configuration list for PBXNativeTarget "RainTests" */;
			buildPhases = (
				C1920E8119FA87C300B6A3B7 /* Sources */,
				C1920E8219FA87C300B6A3B7 /* Frameworks */,
				C1920E8319FA87C300B6A3B7 /* Resources */,
			);
			buildRules = (
			);
			dependencies = (
				C1920E8719FA87C300B6A3B7 /* PBXTargetDependency */,
			);
			name = RainTests;
			productName = RainTests;
			productReference = C1920E8519FA87C300B6A3B7 /* RainTests.xctest */;
			productType = "com.apple.product-type.bundle.unit-test";
		};
/* End PBXNativeTarget section */

/* Begin PBXProject section */
		C1920E6819FA87C300B6A3B7 /* Project object */ = {
			isa = PBXProject;
			attributes = {
				LastUpgradeCheck = 0610;
				ORGANIZATIONNAME = "Pete Freeman";
				TargetAttributes = {
					C1920E6F19FA87C300B6A3B7 = {
						CreatedOnToolsVersion = 6.1;
					};
					C1920E8419FA87C300B6A3B7 = {
						CreatedOnToolsVersion = 6.1;
						TestTargetID = C1920E6F19FA87C300B6A3B7;
					};
				};
			};
			buildConfigurationList = C1920E6B19FA87C300B6A3B7 /* Build configuration list for PBXProject "Rain" */;
			compatibilityVersion = "Xcode 3.2";
			developmentRegion = English;
			hasScannedForEncodings = 0;
			knownRegions = (
				en,
				Base,
			);
			mainGroup = C1920E6719FA87C300B6A3B7;
			productRefGroup = C1920E7119FA87C300B6A3B7 /* Products */;
			projectDirPath = "";
			projectRoot = "";
			targets = (
				C1920E6F19FA87C300B6A3B7 /* Rain */,
				C1920E8419FA87C300B6A3B7 /* RainTests */,
			);
		};
/* End PBXProject section */

/* Begin PBXResourcesBuildPhase section */
		C1920E6E19FA87C300B6A3B7 /* Resources */ = {
			isa = PBXResourcesBuildPhase;
			buildActionMask = 2147483647;
			files = (
				C1920E7B19FA87C300B6A3B7 /* Main.storyboard in Resources */,
				C1920E8019FA87C300B6A3B7 /* LaunchScreen.xib in Resources */,
				C1920E7D19FA87C300B6A3B7 /* Images.xcassets in Resources */,
				C1920E9919FA8AF200B6A3B7 /* GoogleMaps.bundle in Resources */,
			);
			runOnlyForDeploymentPostprocessing = 0;
		};
		C1920E8319FA87C300B6A3B7 /* Resources */ = {
			isa = PBXResourcesBuildPhase;
			buildActionMask = 2147483647;
			files = (
				C1920E9A19FA8AF200B6A3B7 /* GoogleMaps.bundle in Resources */,
			);
			runOnlyForDeploymentPostprocessing = 0;
		};
/* End PBXResourcesBuildPhase section */

/* Begin PBXSourcesBuildPhase section */
		C1920E6C19FA87C300B6A3B7 /* Sources */ = {
			isa = PBXSourcesBuildPhase;
			buildActionMask = 2147483647;
			files = (
				C1920E7819FA87C300B6A3B7 /* ViewController.swift in Sources */,
				C1920E7619FA87C300B6A3B7 /* AppDelegate.swift in Sources */,
				C1920EB619FAAA0B00B6A3B7 /* File.m in Sources */,
			);
			runOnlyForDeploymentPostprocessing = 0;
		};
		C1920E8119FA87C300B6A3B7 /* Sources */ = {
			isa = PBXSourcesBuildPhase;
			buildActionMask = 2147483647;
			files = (
				C1920E8C19FA87C300B6A3B7 /* RainTests.swift in Sources */,
				C1920EB719FAAA0B00B6A3B7 /* File.m in Sources */,
			);
			runOnlyForDeploymentPostprocessing = 0;
		};
/* End PBXSourcesBuildPhase section */

/* Begin PBXTargetDependency section */
		C1920E8719FA87C300B6A3B7 /* PBXTargetDependency */ = {
			isa = PBXTargetDependency;
			target = C1920E6F19FA87C300B6A3B7 /* Rain */;
			targetProxy = C1920E8619FA87C300B6A3B7 /* PBXContainerItemProxy */;
		};
/* End PBXTargetDependency section */

/* Begin PBXVariantGroup section */
		C1920E7919FA87C300B6A3B7 /* Main.storyboard */ = {
			isa = PBXVariantGroup;
			children = (
				C1920E7A19FA87C300B6A3B7 /* Base */,
			);
			name = Main.storyboard;
			sourceTree = "<group>";
		};
		C1920E7E19FA87C300B6A3B7 /* LaunchScreen.xib */ = {
			isa = PBXVariantGroup;
			children = (
				C1920E7F19FA87C300B6A3B7 /* Base */,
			);
			name = LaunchScreen.xib;
			sourceTree = "<group>";
		};
/* End PBXVariantGroup section */

/* Begin XCBuildConfiguration section */
		C1920E8D19FA87C300B6A3B7 /* Debug */ = {
			isa = XCBuildConfiguration;
			buildSettings = {
				ALWAYS_SEARCH_USER_PATHS = NO;
				CLANG_CXX_LANGUAGE_STANDARD = "gnu++0x";
				CLANG_CXX_LIBRARY = "libc++";
				CLANG_ENABLE_MODULES = YES;
				CLANG_ENABLE_OBJC_ARC = YES;
				CLANG_WARN_BOOL_CONVERSION = YES;
				CLANG_WARN_CONSTANT_CONVERSION = YES;
				CLANG_WARN_DIRECT_OBJC_ISA_USAGE = YES_ERROR;
				CLANG_WARN_EMPTY_BODY = YES;
				CLANG_WARN_ENUM_CONVERSION = YES;
				CLANG_WARN_INT_CONVERSION = YES;
				CLANG_WARN_OBJC_ROOT_CLASS = YES_ERROR;
				CLANG_WARN_UNREACHABLE_CODE = YES;
				CLANG_WARN__DUPLICATE_METHOD_MATCH = YES;
				"CODE_SIGN_IDENTITY[sdk=iphoneos*]" = "iPhone Developer";
				COPY_PHASE_STRIP = NO;
				ENABLE_STRICT_OBJC_MSGSEND = YES;
				GCC_C_LANGUAGE_STANDARD = gnu99;
				GCC_DYNAMIC_NO_PIC = NO;
				GCC_OPTIMIZATION_LEVEL = 0;
				GCC_PREPROCESSOR_DEFINITIONS = (
					"DEBUG=1",
					"$(inherited)",
				);
				GCC_SYMBOLS_PRIVATE_EXTERN = NO;
				GCC_WARN_64_TO_32_BIT_CONVERSION = YES;
				GCC_WARN_ABOUT_RETURN_TYPE = YES_ERROR;
				GCC_WARN_UNDECLARED_SELECTOR = YES;
				GCC_WARN_UNINITIALIZED_AUTOS = YES_AGGRESSIVE;
				GCC_WARN_UNUSED_FUNCTION = YES;
				GCC_WARN_UNUSED_VARIABLE = YES;
				IPHONEOS_DEPLOYMENT_TARGET = 8.1;
				MTL_ENABLE_DEBUG_INFO = YES;
				ONLY_ACTIVE_ARCH = YES;
				"OTHER_LDFLAGS[arch=*]" = "-ObjC";
				SDKROOT = iphoneos;
				SWIFT_OPTIMIZATION_LEVEL = "-Onone";
			};
			name = Debug;
		};
		C1920E8E19FA87C300B6A3B7 /* Release */ = {
			isa = XCBuildConfiguration;
			buildSettings = {
				ALWAYS_SEARCH_USER_PATHS = NO;
				CLANG_CXX_LANGUAGE_STANDARD = "gnu++0x";
				CLANG_CXX_LIBRARY = "libc++";
				CLANG_ENABLE_MODULES = YES;
				CLANG_ENABLE_OBJC_ARC = YES;
				CLANG_WARN_BOOL_CONVERSION = YES;
				CLANG_WARN_CONSTANT_CONVERSION = YES;
				CLANG_WARN_DIRECT_OBJC_ISA_USAGE = YES_ERROR;
				CLANG_WARN_EMPTY_BODY = YES;
				CLANG_WARN_ENUM_CONVERSION = YES;
				CLANG_WARN_INT_CONVERSION = YES;
				CLANG_WARN_OBJC_ROOT_CLASS = YES_ERROR;
				CLANG_WARN_UNREACHABLE_CODE = YES;
				CLANG_WARN__DUPLICATE_METHOD_MATCH = YES;
				"CODE_SIGN_IDENTITY[sdk=iphoneos*]" = "iPhone Developer";
				COPY_PHASE_STRIP = YES;
				ENABLE_NS_ASSERTIONS = NO;
				ENABLE_STRICT_OBJC_MSGSEND = YES;
				GCC_C_LANGUAGE_STANDARD = gnu99;
				GCC_WARN_64_TO_32_BIT_CONVERSION = YES;
				GCC_WARN_ABOUT_RETURN_TYPE = YES_ERROR;
				GCC_WARN_UNDECLARED_SELECTOR = YES;
				GCC_WARN_UNINITIALIZED_AUTOS = YES_AGGRESSIVE;
				GCC_WARN_UNUSED_FUNCTION = YES;
				GCC_WARN_UNUSED_VARIABLE = YES;
				IPHONEOS_DEPLOYMENT_TARGET = 8.1;
				MTL_ENABLE_DEBUG_INFO = NO;
				"OTHER_LDFLAGS[arch=*]" = "-ObjC";
				SDKROOT = iphoneos;
				VALIDATE_PRODUCT = YES;
			};
			name = Release;
		};
		C1920E9019FA87C300B6A3B7 /* Debug */ = {
			isa = XCBuildConfiguration;
			buildSettings = {
				ASSETCATALOG_COMPILER_APPICON_NAME = AppIcon;
				CLANG_ENABLE_MODULES = YES;
				FRAMEWORK_SEARCH_PATHS = (
					"$(inherited)",
					"$(PROJECT_DIR)/Rain",
				);
				INFOPLIST_FILE = Rain/Info.plist;
				LD_RUNPATH_SEARCH_PATHS = "$(inherited) @executable_path/Frameworks";
				PRODUCT_NAME = "$(TARGET_NAME)";
				SWIFT_OBJC_BRIDGING_HEADER = "Rain/Rain-Bridging-Header.h";
				SWIFT_OPTIMIZATION_LEVEL = "-Onone";
			};
			name = Debug;
		};
		C1920E9119FA87C300B6A3B7 /* Release */ = {
			isa = XCBuildConfiguration;
			buildSettings = {
				ASSETCATALOG_COMPILER_APPICON_NAME = AppIcon;
				CLANG_ENABLE_MODULES = YES;
				FRAMEWORK_SEARCH_PATHS = (
					"$(inherited)",
					"$(PROJECT_DIR)/Rain",
				);
				INFOPLIST_FILE = Rain/Info.plist;
				LD_RUNPATH_SEARCH_PATHS = "$(inherited) @executable_path/Frameworks";
				PRODUCT_NAME = "$(TARGET_NAME)";
				SWIFT_OBJC_BRIDGING_HEADER = "Rain/Rain-Bridging-Header.h";
			};
			name = Release;
		};
		C1920E9319FA87C300B6A3B7 /* Debug */ = {
			isa = XCBuildConfiguration;
			buildSettings = {
				BUNDLE_LOADER = "$(TEST_HOST)";
				CLANG_ENABLE_MODULES = YES;
				FRAMEWORK_SEARCH_PATHS = (
					"$(SDKROOT)/Developer/Library/Frameworks",
					"$(inherited)",
					"$(PROJECT_DIR)/Rain",
				);
				GCC_PREPROCESSOR_DEFINITIONS = (
					"DEBUG=1",
					"$(inherited)",
				);
				INFOPLIST_FILE = RainTests/Info.plist;
				LD_RUNPATH_SEARCH_PATHS = "$(inherited) @executable_path/Frameworks @loader_path/Frameworks";
				PRODUCT_NAME = "$(TARGET_NAME)";
				SWIFT_OBJC_BRIDGING_HEADER = "Rain/RainTests-Bridging-Header.h";
				SWIFT_OPTIMIZATION_LEVEL = "-Onone";
				TEST_HOST = "$(BUILT_PRODUCTS_DIR)/Rain.app/Rain";
			};
			name = Debug;
		};
		C1920E9419FA87C300B6A3B7 /* Release */ = {
			isa = XCBuildConfiguration;
			buildSettings = {
				BUNDLE_LOADER = "$(TEST_HOST)";
				CLANG_ENABLE_MODULES = YES;
				FRAMEWORK_SEARCH_PATHS = (
					"$(SDKROOT)/Developer/Library/Frameworks",
					"$(inherited)",
					"$(PROJECT_DIR)/Rain",
				);
				INFOPLIST_FILE = RainTests/Info.plist;
				LD_RUNPATH_SEARCH_PATHS = "$(inherited) @executable_path/Frameworks @loader_path/Frameworks";
				PRODUCT_NAME = "$(TARGET_NAME)";
				SWIFT_OBJC_BRIDGING_HEADER = "Rain/RainTests-Bridging-Header.h";
				TEST_HOST = "$(BUILT_PRODUCTS_DIR)/Rain.app/Rain";
			};
			name = Release;
		};
/* End XCBuildConfiguration section */

/* Begin XCConfigurationList section */
		C1920E6B19FA87C300B6A3B7 /* Build configuration list for PBXProject "Rain" */ = {
			isa = XCConfigurationList;
			buildConfigurations = (
				C1920E8D19FA87C300B6A3B7 /* Debug */,
				C1920E8E19FA87C300B6A3B7 /* Release */,
			);
			defaultConfigurationIsVisible = 0;
			defaultConfigurationName = Release;
		};
		C1920E8F19FA87C300B6A3B7 /* Build configuration list for PBXNativeTarget "Rain" */ = {
			isa = XCConfigurationList;
			buildConfigurations = (
				C1920E9019FA87C300B6A3B7 /* Debug */,
				C1920E9119FA87C300B6A3B7 /* Release */,
			);
			defaultConfigurationIsVisible = 0;
		};
		C1920E9219FA87C300B6A3B7 /* Build configuration list for PBXNativeTarget "RainTests" */ = {
			isa = XCConfigurationList;
			buildConfigurations = (
				C1920E9319FA87C300B6A3B7 /* Debug */,
				C1920E9419FA87C300B6A3B7 /* Release */,
			);
			defaultConfigurationIsVisible = 0;
		};
/* End XCConfigurationList section */
	};
	rootObject = C1920E6819FA87C300B6A3B7 /* Project object */;
}
